// !$*UTF8*$!
{
	archiveVersion = 1;
	classes = {
	};
	objectVersion = 50;
	objects = {

/* Begin PBXBuildFile section */
		FADDF8082666A99B00A29699 /* speecasyncstreamApp.swift in Sources */ = {isa = PBXBuildFile; fileRef = FADDF8072666A99B00A29699 /* speecasyncstreamApp.swift */; };
		FADDF80A2666A99B00A29699 /* ContentView.swift in Sources */ = {isa = PBXBuildFile; fileRef = FADDF8092666A99B00A29699 /* ContentView.swift */; };
		FADDF80C2666A99C00A29699 /* Assets.xcassets in Resources */ = {isa = PBXBuildFile; fileRef = FADDF80B2666A99C00A29699 /* Assets.xcassets */; };
		FADDF80F2666A99C00A29699 /* Preview Assets.xcassets in Resources */ = {isa = PBXBuildFile; fileRef = FADDF80E2666A99C00A29699 /* Preview Assets.xcassets */; };
/* End PBXBuildFile section */

/* Begin PBXFileReference section */
		FADDF8042666A99B00A29699 /* speecasyncstream.app */ = {isa = PBXFileReference; explicitFileType = wrapper.application; includeInIndex = 0; path = speecasyncstream.app; sourceTree = BUILT_PRODUCTS_DIR; };
		FADDF8072666A99B00A29699 /* speecasyncstreamApp.swift */ = {isa = PBXFileReference; lastKnownFileType = sourcecode.swift; path = speecasyncstreamApp.swift; sourceTree = "<group>"; };
		FADDF8092666A99B00A29699 /* ContentView.swift */ = {isa = PBXFileReference; lastKnownFileType = sourcecode.swift; path = ContentView.swift; sourceTree = "<group>"; };
		FADDF80B2666A99C00A29699 /* Assets.xcassets */ = {isa = PBXFileReference; lastKnownFileType = folder.assetcatalog; path = Assets.xcassets; sourceTree = "<group>"; };
		FADDF80E2666A99C00A29699 /* Preview Assets.xcassets */ = {isa = PBXFileReference; lastKnownFileType = folder.assetcatalog; path = "Preview Assets.xcassets"; sourceTree = "<group>"; };
		FADDF8102666A99C00A29699 /* Info.plist */ = {isa = PBXFileReference; lastKnownFileType = text.plist.xml; path = Info.plist; sourceTree = "<group>"; };
		FADDF8112666A99C00A29699 /* speecasyncstream.entitlements */ = {isa = PBXFileReference; lastKnownFileType = text.plist.entitlements; path = speecasyncstream.entitlements; sourceTree = "<group>"; };
/* End PBXFileReference section */

/* Begin PBXFrameworksBuildPhase section */
		FADDF8012666A99B00A29699 /* Frameworks */ = {
			isa = PBXFrameworksBuildPhase;
			buildActionMask = 2147483647;
			files = (
			);
			runOnlyForDeploymentPostprocessing = 0;
		};
/* End PBXFrameworksBuildPhase section */

/* Begin PBXGroup section */
		FADDF7FB2666A99B00A29699 = {
			isa = PBXGroup;
			children = (
				FADDF8062666A99B00A29699 /* speecasyncstream */,
				FADDF8052666A99B00A29699 /* Products */,
			);
			sourceTree = "<group>";
		};
		FADDF8052666A99B00A29699 /* Products */ = {
			isa = PBXGroup;
			children = (
				FADDF8042666A99B00A29699 /* speecasyncstream.app */,
			);
			name = Products;
			sourceTree = "<group>";
		};
		FADDF8062666A99B00A29699 /* speecasyncstream */ = {
			isa = PBXGroup;
			children = (
				FADDF8072666A99B00A29699 /* speecasyncstreamApp.swift */,
				FADDF8092666A99B00A29699 /* ContentView.swift */,
				FADDF80B2666A99C00A29699 /* Assets.xcassets */,
				FADDF8102666A99C00A29699 /* Info.plist */,
				FADDF8112666A99C00A29699 /* speecasyncstream.entitlements */,
				FADDF80D2666A99C00A29699 /* Preview Content */,
			);
			path = speecasyncstream;
			sourceTree = "<group>";
		};
		FADDF80D2666A99C00A29699 /* Preview Content */ = {
			isa = PBXGroup;
			children = (
				FADDF80E2666A99C00A29699 /* Preview Assets.xcassets */,
			);
			path = "Preview Content";
			sourceTree = "<group>";
		};
/* End PBXGroup section */

/* Begin PBXNativeTarget section */
		FADDF8032666A99B00A29699 /* speecasyncstream */ = {
			isa = PBXNativeTarget;
			buildConfigurationList = FADDF8142666A99C00A29699 /* Build configuration list for PBXNativeTarget "speecasyncstream" */;
			buildPhases = (
				FADDF8002666A99B00A29699 /* Sources */,
				FADDF8012666A99B00A29699 /* Frameworks */,
				FADDF8022666A99B00A29699 /* Resources */,
			);
			buildRules = (
			);
			dependencies = (
			);
			name = speecasyncstream;
			productName = speecasyncstream;
			productReference = FADDF8042666A99B00A29699 /* speecasyncstream.app */;
			productType = "com.apple.product-type.application";
		};
/* End PBXNativeTarget section */

/* Begin PBXProject section */
		FADDF7FC2666A99B00A29699 /* Project object */ = {
			isa = PBXProject;
			attributes = {
				LastSwiftUpdateCheck = 1250;
				LastUpgradeCheck = 1250;
				TargetAttributes = {
					FADDF8032666A99B00A29699 = {
						CreatedOnToolsVersion = 12.5;
					};
				};
			};
			buildConfigurationList = FADDF7FF2666A99B00A29699 /* Build configuration list for PBXProject "speecasyncstream" */;
			compatibilityVersion = "Xcode 9.3";
			developmentRegion = en;
			hasScannedForEncodings = 0;
			knownRegions = (
				en,
				Base,
			);
			mainGroup = FADDF7FB2666A99B00A29699;
			productRefGroup = FADDF8052666A99B00A29699 /* Products */;
			projectDirPath = "";
			projectRoot = "";
			targets = (
				FADDF8032666A99B00A29699 /* speecasyncstream */,
			);
		};
/* End PBXProject section */

/* Begin PBXResourcesBuildPhase section */
		FADDF8022666A99B00A29699 /* Resources */ = {
			isa = PBXResourcesBuildPhase;
			buildActionMask = 2147483647;
			files = (
				FADDF80F2666A99C00A29699 /* Preview Assets.xcassets in Resources */,
				FADDF80C2666A99C00A29699 /* Assets.xcassets in Resources */,
			);
			runOnlyForDeploymentPostprocessing = 0;
		};
/* End PBXResourcesBuildPhase section */

/* Begin PBXSourcesBuildPhase section */
		FADDF8002666A99B00A29699 /* Sources */ = {
			isa = PBXSourcesBuildPhase;
			buildActionMask = 2147483647;
			files = (
				FADDF80A2666A99B00A29699 /* ContentView.swift in Sources */,
				FADDF8082666A99B00A29699 /* speecasyncstreamApp.swift in Sources */,
			);
			runOnlyForDeploymentPostprocessing = 0;
		};
/* End PBXSourcesBuildPhase section */

/* Begin XCBuildConfiguration section */
		FADDF8122666A99C00A29699 /* Debug */ = {
			isa = XCBuildConfiguration;
			buildSettings = {
				ALWAYS_SEARCH_USER_PATHS = NO;
				CLANG_ANALYZER_NONNULL = YES;
				CLANG_ANALYZER_NUMBER_OBJECT_CONVERSION = YES_AGGRESSIVE;
				CLANG_CXX_LANGUAGE_STANDARD = "gnu++14";
				CLANG_CXX_LIBRARY = "libc++";
				CLANG_ENABLE_MODULES = YES;
				CLANG_ENABLE_OBJC_ARC = YES;
				CLANG_ENABLE_OBJC_WEAK = YES;
				CLANG_WARN_BLOCK_CAPTURE_AUTORELEASING = YES;
				CLANG_WARN_BOOL_CONVERSION = YES;
				CLANG_WARN_COMMA = YES;
				CLANG_WARN_CONSTANT_CONVERSION = YES;
				CLANG_WARN_DEPRECATED_OBJC_IMPLEMENTATIONS = YES;
				CLANG_WARN_DIRECT_OBJC_ISA_USAGE = YES_ERROR;
				CLANG_WARN_DOCUMENTATION_COMMENTS = YES;
				CLANG_WARN_EMPTY_BODY = YES;
				CLANG_WARN_ENUM_CONVERSION = YES;
				CLANG_WARN_INFINITE_RECURSION = YES;
				CLANG_WARN_INT_CONVERSION = YES;
				CLANG_WARN_NON_LITERAL_NULL_CONVERSION = YES;
				CLANG_WARN_OBJC_IMPLICIT_RETAIN_SELF = YES;
				CLANG_WARN_OBJC_LITERAL_CONVERSION = YES;
				CLANG_WARN_OBJC_ROOT_CLASS = YES_ERROR;
				CLANG_WARN_QUOTED_INCLUDE_IN_FRAMEWORK_HEADER = YES;
				CLANG_WARN_RANGE_LOOP_ANALYSIS = YES;
				CLANG_WARN_STRICT_PROTOTYPES = YES;
				CLANG_WARN_SUSPICIOUS_MOVE = YES;
				CLANG_WARN_UNGUARDED_AVAILABILITY = YES_AGGRESSIVE;
				CLANG_WARN_UNREACHABLE_CODE = YES;
				CLANG_WARN__DUPLICATE_METHOD_MATCH = YES;
				COPY_PHASE_STRIP = NO;
				DEBUG_INFORMATION_FORMAT = dwarf;
				ENABLE_STRICT_OBJC_MSGSEND = YES;
				ENABLE_TESTABILITY = YES;
				GCC_C_LANGUAGE_STANDARD = gnu11;
				GCC_DYNAMIC_NO_PIC = NO;
				GCC_NO_COMMON_BLOCKS = YES;
				GCC_OPTIMIZATION_LEVEL = 0;
				GCC_PREPROCESSOR_DEFINITIONS = (
					"DEBUG=1",
					"$(inherited)",
				);
				GCC_WARN_64_TO_32_BIT_CONVERSION = YES;
				GCC_WARN_ABOUT_RETURN_TYPE = YES_ERROR;
				GCC_WARN_UNDECLARED_SELECTOR = YES;
				GCC_WARN_UNINITIALIZED_AUTOS = YES_AGGRESSIVE;
				GCC_WARN_UNUSED_FUNCTION = YES;
				GCC_WARN_UNUSED_VARIABLE = YES;
				MACOSX_DEPLOYMENT_TARGET = 11.2;
				MTL_ENABLE_DEBUG_INFO = INCLUDE_SOURCE;
				MTL_FAST_MATH = YES;
				ONLY_ACTIVE_ARCH = YES;
				SDKROOT = macosx;
				SWIFT_ACTIVE_COMPILATION_CONDITIONS = DEBUG;
				SWIFT_OPTIMIZATION_LEVEL = "-Onone";
			};
			name = Debug;
		};
		FADDF8132666A99C00A29699 /* Release */ = {
			isa = XCBuildConfiguration;
			buildSettings = {
				ALWAYS_SEARCH_USER_PATHS = NO;
				CLANG_ANALYZER_NONNULL = YES;
				CLANG_ANALYZER_NUMBER_OBJECT_CONVERSION = YES_AGGRESSIVE;
				CLANG_CXX_LANGUAGE_STANDARD = "gnu++14";
				CLANG_CXX_LIBRARY = "libc++";
				CLANG_ENABLE_MODULES = YES;
				CLANG_ENABLE_OBJC_ARC = YES;
				CLANG_ENABLE_OBJC_WEAK = YES;
				CLANG_WARN_BLOCK_CAPTURE_AUTORELEASING = YES;
				CLANG_WARN_BOOL_CONVERSION = YES;
				CLANG_WARN_COMMA = YES;
				CLANG_WARN_CONSTANT_CONVERSION = YES;
				CLANG_WARN_DEPRECATED_OBJC_IMPLEMENTATIONS = YES;
				CLANG_WARN_DIRECT_OBJC_ISA_USAGE = YES_ERROR;
				CLANG_WARN_DOCUMENTATION_COMMENTS = YES;
				CLANG_WARN_EMPTY_BODY = YES;
				CLANG_WARN_ENUM_CONVERSION = YES;
				CLANG_WARN_INFINITE_RECURSION = YES;
				CLANG_WARN_INT_CONVERSION = YES;
				CLANG_WARN_NON_LITERAL_NULL_CONVERSION = YES;
				CLANG_WARN_OBJC_IMPLICIT_RETAIN_SELF = YES;
				CLANG_WARN_OBJC_LITERAL_CONVERSION = YES;
				CLANG_WARN_OBJC_ROOT_CLASS = YES_ERROR;
				CLANG_WARN_QUOTED_INCLUDE_IN_FRAMEWORK_HEADER = YES;
				CLANG_WARN_RANGE_LOOP_ANALYSIS = YES;
				CLANG_WARN_STRICT_PROTOTYPES = YES;
				CLANG_WARN_SUSPICIOUS_MOVE = YES;
				CLANG_WARN_UNGUARDED_AVAILABILITY = YES_AGGRESSIVE;
				CLANG_WARN_UNREACHABLE_CODE = YES;
				CLANG_WARN__DUPLICATE_METHOD_MATCH = YES;
				COPY_PHASE_STRIP = NO;
				DEBUG_INFORMATION_FORMAT = "dwarf-with-dsym";
				ENABLE_NS_ASSERTIONS = NO;
				ENABLE_STRICT_OBJC_MSGSEND = YES;
				GCC_C_LANGUAGE_STANDARD = gnu11;
				GCC_NO_COMMON_BLOCKS = YES;
				GCC_WARN_64_TO_32_BIT_CONVERSION = YES;
				GCC_WARN_ABOUT_RETURN_TYPE = YES_ERROR;
				GCC_WARN_UNDECLARED_SELECTOR = YES;
				GCC_WARN_UNINITIALIZED_AUTOS = YES_AGGRESSIVE;
				GCC_WARN_UNUSED_FUNCTION = YES;
				GCC_WARN_UNUSED_VARIABLE = YES;
				MACOSX_DEPLOYMENT_TARGET = 11.2;
				MTL_ENABLE_DEBUG_INFO = NO;
				MTL_FAST_MATH = YES;
				SDKROOT = macosx;
				SWIFT_COMPILATION_MODE = wholemodule;
				SWIFT_OPTIMIZATION_LEVEL = "-O";
			};
			name = Release;
		};
		FADDF8152666A99C00A29699 /* Debug */ = {
			isa = XCBuildConfiguration;
			buildSettings = {
				ASSETCATALOG_COMPILER_APPICON_NAME = AppIcon;
				ASSETCATALOG_COMPILER_GLOBAL_ACCENT_COLOR_NAME = AccentColor;
				CODE_SIGN_ENTITLEMENTS = speecasyncstream/speecasyncstream.entitlements;
				CODE_SIGN_STYLE = Automatic;
				COMBINE_HIDPI_IMAGES = YES;
				DEVELOPMENT_ASSET_PATHS = "\"speecasyncstream/Preview Content\"";
				DEVELOPMENT_TEAM = 7H2QK45947;
				ENABLE_HARDENED_RUNTIME = YES;
				ENABLE_PREVIEWS = YES;
				INFOPLIST_FILE = speecasyncstream/Info.plist;
				LD_RUNPATH_SEARCH_PATHS = (
					"$(inherited)",
					"@executable_path/../Frameworks",
				);
				MACOSX_DEPLOYMENT_TARGET = 11.0;
				PRODUCT_BUNDLE_IDENTIFIER = com.alejandromp.speecasyncstream;
				PRODUCT_NAME = "$(TARGET_NAME)";
				SWIFT_VERSION = 5.0;
			};
			name = Debug;
		};
		FADDF8162666A99C00A29699 /* Release */ = {
			isa = XCBuildConfiguration;
			buildSettings = {
				ASSETCATALOG_COMPILER_APPICON_NAME = AppIcon;
				ASSETCATALOG_COMPILER_GLOBAL_ACCENT_COLOR_NAME = AccentColor;
				CODE_SIGN_ENTITLEMENTS = speecasyncstream/speecasyncstream.entitlements;
				CODE_SIGN_STYLE = Automatic;
				COMBINE_HIDPI_IMAGES = YES;
				DEVELOPMENT_ASSET_PATHS = "\"speecasyncstream/Preview Content\"";
				DEVELOPMENT_TEAM = 7H2QK45947;
				ENABLE_HARDENED_RUNTIME = YES;
				ENABLE_PREVIEWS = YES;
				INFOPLIST_FILE = speecasyncstream/Info.plist;
				LD_RUNPATH_SEARCH_PATHS = (
					"$(inherited)",
					"@executable_path/../Frameworks",
				);
				MACOSX_DEPLOYMENT_TARGET = 11.0;
				PRODUCT_BUNDLE_IDENTIFIER = com.alejandromp.speecasyncstream;
				PRODUCT_NAME = "$(TARGET_NAME)";
				SWIFT_VERSION = 5.0;
			};
			name = Release;
		};
/* End XCBuildConfiguration section */

/* Begin XCConfigurationList section */
		FADDF7FF2666A99B00A29699 /* Build configuration list for PBXProject "speecasyncstream" */ = {
			isa = XCConfigurationList;
			buildConfigurations = (
				FADDF8122666A99C00A29699 /* Debug */,
				FADDF8132666A99C00A29699 /* Release */,
			);
			defaultConfigurationIsVisible = 0;
			defaultConfigurationName = Release;
		};
		FADDF8142666A99C00A29699 /* Build configuration list for PBXNativeTarget "speecasyncstream" */ = {
			isa = XCConfigurationList;
			buildConfigurations = (
				FADDF8152666A99C00A29699 /* Debug */,
				FADDF8162666A99C00A29699 /* Release */,
			);
			defaultConfigurationIsVisible = 0;
			defaultConfigurationName = Release;
		};
/* End XCConfigurationList section */
	};
	rootObject = FADDF7FC2666A99B00A29699 /* Project object */;
}
